
Microsoft Visual Studio Solution File, Format Version 12.00
# Visual Studio Version 17
VisualStudioVersion = 17.14.36109.1 d17.14
MinimumVisualStudioVersion = 10.0.40219.1
Project("{8BC9CEB8-8B4A-11D0-8D11-00A0C91BC942}") = "BoxShin", "BoxShin\BoxShin.vcxproj", "{09C9A8B6-E1FE-443B-82CA-1D283DCCDB78}"
EndProject
Global
	GlobalSection(SolutionConfigurationPlatforms) = preSolution
		Debug|x64 = Debug|x64
		Debug|x86 = Debug|x86
		Release|x64 = Release|x64
		Release|x86 = Release|x86
	EndGlobalSection
	GlobalSection(ProjectConfigurationPlatforms) = postSolution
		{09C9A8B6-E1FE-443B-82CA-1D283DCCDB78}.Debug|x64.ActiveCfg = Debug|x64
		{09C9A8B6-E1FE-443B-82CA-1D283DCCDB78}.Debug|x64.Build.0 = Debug|x64
		{09C9A8B6-E1FE-443B-82CA-1D283DCCDB78}.Debug|x86.ActiveCfg = Debug|Win32
		{09C9A8B6-E1FE-443B-82CA-1D283DCCDB78}.Debug|x86.Build.0 = Debug|Win32
		{09C9A8B6-E1FE-443B-82CA-1D283DCCDB78}.Release|x64.ActiveCfg = Release|x64
		{09C9A8B6-E1FE-443B-82CA-1D283DCCDB78}.Release|x64.Build.0 = Release|x64
		{09C9A8B6-E1FE-443B-82CA-1D283DCCDB78}.Release|x86.ActiveCfg = Release|Win32
		{09C9A8B6-E1FE-443B-82CA-1D283DCCDB78}.Release|x86.Build.0 = Release|Win32
	EndGlobalSection
	GlobalSection(SolutionProperties) = preSolution
		HideSolutionNode = FALSE
	EndGlobalSection
	GlobalSection(ExtensibilityGlobals) = postSolution
		SolutionGuid = {102DC9DE-5961-4CC7-ADF9-8231365259E7}
	EndGlobalSection
EndGlobal
