<?xml version="1.0" encoding="utf-8"?>
<Project ToolsVersion="4.0" xmlns="http://schemas.microsoft.com/developer/msbuild/2003">
  <ItemGroup>
    <Filter Include="源文件">
      <UniqueIdentifier>{4FC737F1-C7A5-4376-A066-2A32D752A2FF}</UniqueIdentifier>
      <Extensions>cpp;c;cc;cxx;c++;cppm;ixx;def;odl;idl;hpj;bat;asm;asmx</Extensions>
    </Filter>
    <Filter Include="头文件">
      <UniqueIdentifier>{93995380-89BD-4b04-88EB-625FBE52EBFB}</UniqueIdentifier>
      <Extensions>h;hh;hpp;hxx;h++;hm;inl;inc;ipp;xsd</Extensions>
    </Filter>
    <Filter Include="资源文件">
      <UniqueIdentifier>{67DA6AB6-F800-4c08-8B7A-83BB121AAD01}</UniqueIdentifier>
      <Extensions>rc;ico;cur;bmp;dlg;rc2;rct;bin;rgs;gif;jpg;jpeg;jpe;resx;tiff;tif;png;wav;mfcribbon-ms</Extensions>
    </Filter>
    <Filter Include="头文件\scene">
      <UniqueIdentifier>{83912426-90e3-4512-bd32-91cab2be1876}</UniqueIdentifier>
    </Filter>
    <Filter Include="头文件\tool">
      <UniqueIdentifier>{9d445cbe-4848-4b61-86ef-b140e847f527}</UniqueIdentifier>
    </Filter>
    <Filter Include="头文件\rend">
      <UniqueIdentifier>{f564d38b-f372-4a61-9c39-d9d21ab2f993}</UniqueIdentifier>
    </Filter>
    <Filter Include="头文件\live">
      <UniqueIdentifier>{fb52c681-1f43-491a-8d06-e3e897ac5239}</UniqueIdentifier>
    </Filter>
  </ItemGroup>
  <ItemGroup>
    <ClCompile Include="main.cpp">
      <Filter>源文件</Filter>
    </ClCompile>
  </ItemGroup>
  <ItemGroup>
    <ClInclude Include="scene.h">
      <Filter>头文件\scene</Filter>
    </ClInclude>
    <ClInclude Include="scene_manager.h">
      <Filter>头文件\scene</Filter>
    </ClInclude>
    <ClInclude Include="menu_scene.h">
      <Filter>头文件\scene</Filter>
    </ClInclude>
    <ClInclude Include="selector_scene.h">
      <Filter>头文件\scene</Filter>
    </ClInclude>
    <ClInclude Include="game_scene.h">
      <Filter>头文件\scene</Filter>
    </ClInclude>
    <ClInclude Include="timer.h">
      <Filter>头文件\tool</Filter>
    </ClInclude>
    <ClInclude Include="button.h">
      <Filter>头文件\tool</Filter>
    </ClInclude>
    <ClInclude Include="resources.h">
      <Filter>头文件\tool</Filter>
    </ClInclude>
    <ClInclude Include="exit_scene.h">
      <Filter>头文件\scene</Filter>
    </ClInclude>
    <ClInclude Include="set_scene.h">
      <Filter>头文件\scene</Filter>
    </ClInclude>
    <ClInclude Include="game_introduction_scene.h">
      <Filter>头文件\scene</Filter>
    </ClInclude>
    <ClInclude Include="team_introduction_scene.h">
      <Filter>头文件\scene</Filter>
    </ClInclude>
    <ClInclude Include="map_scene.h">
      <Filter>头文件\scene</Filter>
    </ClInclude>
    <ClInclude Include="game_concrete_scene.h">
      <Filter>头文件\scene</Filter>
    </ClInclude>
    <ClInclude Include="game_pause_scene.h">
      <Filter>头文件\scene</Filter>
    </ClInclude>
    <ClInclude Include="util.h">
      <Filter>头文件\tool</Filter>
    </ClInclude>
    <ClInclude Include="atlas.h">
      <Filter>头文件\rend</Filter>
    </ClInclude>
    <ClInclude Include="animation.h">
      <Filter>头文件\rend</Filter>
    </ClInclude>
    <ClInclude Include="player.h">
      <Filter>头文件\live</Filter>
    </ClInclude>
    <ClInclude Include="enemy.h">
      <Filter>头文件\live</Filter>
    </ClInclude>
    <ClInclude Include="item.h">
      <Filter>头文件\live</Filter>
    </ClInclude>
    <ClInclude Include="player_diver.h">
      <Filter>头文件\live</Filter>
    </ClInclude>
    <ClInclude Include="player_lypo.h">
      <Filter>头文件\live</Filter>
    </ClInclude>
  </ItemGroup>
</Project>